{
  "name": "8784704caaadcd38",
  "lockfileVersion": 3,
  "requires": true,
  "packages": {
    "": {
      "dependencies": {
        "@github/copilot-language-server": "^1.473.0"
      }
    },
    "node_modules/@github/copilot-language-server": {
      "version": "1.473.0",
      "resolved": "https://registry.npmjs.org/@github/copilot-language-server/-/copilot-language-server-1.473.0.tgz",
      "integrity": "sha512-+VizQY4tFDuESPa1KrPK9KwK/+CYtyVJptuguiI49X5BiGhM9ibdPigp3d8d8OyZxoMaXgZ3SjEm6iib8ugJKw==",
      "license": "MIT",
      "dependencies": {
        "vscode-languageserver-protocol": "^3.17.5"
      },
      "bin": {
        "copilot-language-server": "dist/language-server.js"
      },
      "optionalDependencies": {
        "@github/copilot-language-server-darwin-arm64": "1.473.0",
        "@github/copilot-language-server-darwin-x64": "1.473.0",
        "@github/copilot-language-server-linux-arm64": "1.473.0",
        "@github/copilot-language-server-linux-x64": "1.473.0",
        "@github/copilot-language-server-win32-arm64": "1.473.0",
        "@github/copilot-language-server-win32-x64": "1.473.0"
      }
    },
    "node_modules/@github/copilot-language-server-darwin-arm64": {
      "version": "1.473.0",
      "resolved": "https://registry.npmjs.org/@github/copilot-language-server-darwin-arm64/-/copilot-language-server-darwin-arm64-1.473.0.tgz",
      "integrity": "sha512-DKwcLrBwcp9JW4ttP8ob7qygbBZbZd+152r5ei45MUiWPkh6il6FIPLZIR+DyvXeyVpauqo5SH/uaV5pVJ+LvA==",
      "cpu": [
        "arm64"
      ],
      "license": "MIT",
      "optional": true,
      "os": [
        "darwin"
      ]
    },
    "node_modules/@github/copilot-language-server-darwin-x64": {
      "version": "1.473.0",
      "resolved": "https://registry.npmjs.org/@github/copilot-language-server-darwin-x64/-/copilot-language-server-darwin-x64-1.473.0.tgz",
      "integrity": "sha512-CcuKAla7NBJzrzRGuXrPqHfmH8Cvi4pbk4y6UA+xxcCWeK5JVpQSZYJ22Qmz6NIJPoeanm2KMGmczTFwxzodCQ==",
      "cpu": [
        "x64"
      ],
      "license": "MIT",
      "optional": true,
      "os": [
        "darwin"
      ]
    },
    "node_modules/@github/copilot-language-server-linux-arm64": {
      "version": "1.473.0",
      "resolved": "https://registry.npmjs.org/@github/copilot-language-server-linux-arm64/-/copilot-language-server-linux-arm64-1.473.0.tgz",
      "integrity": "sha512-Gc2Yia6z2jxKkFRFDGIZxhJFnYx8PTYE3qti1yYbGXnA16F2p0M5V1Tkqyg81JGW9iK+dJyy9iklhLT/Qaq4Dw==",
      "cpu": [
        "arm64"
      ],
      "license": "MIT",
      "optional": true,
      "os": [
        "linux"
      ]
    },
    "node_modules/@github/copilot-language-server-linux-x64": {
      "version": "1.473.0",
      "resolved": "https://registry.npmjs.org/@github/copilot-language-server-linux-x64/-/copilot-language-server-linux-x64-1.473.0.tgz",
      "integrity": "sha512-+tfCc+o8ftzUN6nfNLMdNZKKGefsC+6IslYsiE3XpusrFKz3vyOPJVdZQbgTeCGxUTbwMw4Hv5wmlama5srhGg==",
      "cpu": [
        "x64"
      ],
      "license": "MIT",
      "optional": true,
      "os": [
        "linux"
      ]
    },
    "node_modules/@github/copilot-language-server-win32-arm64": {
      "version": "1.473.0",
      "resolved": "https://registry.npmjs.org/@github/copilot-language-server-win32-arm64/-/copilot-language-server-win32-arm64-1.473.0.tgz",
      "integrity": "sha512-s3i2TRCOh4QWsfDU7v6JjzNMHGya0FN1/tS/EfXpN8n6mFiZdRaJ7manNHSBYzbbBHN8+JMAZGnMjDjnHM04AA==",
      "cpu": [
        "arm64"
      ],
      "license": "MIT",
      "optional": true,
      "os": [
        "win32"
      ]
    },
    "node_modules/@github/copilot-language-server-win32-x64": {
      "version": "1.473.0",
      "resolved": "https://registry.npmjs.org/@github/copilot-language-server-win32-x64/-/copilot-language-server-win32-x64-1.473.0.tgz",
      "integrity": "sha512-dnhMFjT9ip9vj73f8ayEWwR/riWacbT6pV2miSS3Rf4OosbkempfFmIABuYb+bgQ9+YEwzUEreikNllL1JsgDA==",
      "cpu": [
        "x64"
      ],
      "license": "MIT",
      "optional": true,
      "os": [
        "win32"
      ]
    },
    "node_modules/vscode-jsonrpc": {
      "version": "8.2.0",
      "resolved": "https://registry.npmjs.org/vscode-jsonrpc/-/vscode-jsonrpc-8.2.0.tgz",
      "integrity": "sha512-C+r0eKJUIfiDIfwJhria30+TYWPtuHJXHtI7J0YlOmKAo7ogxP20T0zxB7HZQIFhIyvoBPwWskjxrvAtfjyZfA==",
      "license": "MIT",
      "engines": {
        "node": ">=14.0.0"
      }
    },
    "node_modules/vscode-languageserver-protocol": {
      "version": "3.17.5",
      "resolved": "https://registry.npmjs.org/vscode-languageserver-protocol/-/vscode-languageserver-protocol-3.17.5.tgz",
      "integrity": "sha512-mb1bvRJN8SVznADSGWM9u/b07H7Ecg0I3OgXDuLdn307rl/J3A9YD6/eYOssqhecL27hK1IPZAsaqh00i/Jljg==",
      "license": "MIT",
      "dependencies": {
        "vscode-jsonrpc": "8.2.0",
        "vscode-languageserver-types": "3.17.5"
      }
    },
    "node_modules/vscode-languageserver-types": {
      "version": "3.17.5",
      "resolved": "https://registry.npmjs.org/vscode-languageserver-types/-/vscode-languageserver-types-3.17.5.tgz",
      "integrity": "sha512-Ld1VelNuX9pdF39h2Hgaeb5hEZM2Z3jUrrMgWQAu82jMtZp7p3vJT3BzToKtZI7NgQssZje5o0zryOrhQvzQAg==",
      "license": "MIT"
    }
  }
}
